{
  "requires": true,
  "lockfileVersion": 1,
  "dependencies": {
    "@turingpointde/cvss.js": {
      "version": "1.5.0",
      "resolved": "https://registry.npmjs.org/@turingpointde/cvss.js/-/cvss.js-1.5.0.tgz",
      "integrity": "sha512-GsdJqONeCowOneeeXRuEVVlUbF5E/naXO1R7EHjWT9un2kyKZQODmkF/73PxXVzfrrgTAI8SoRMzYAcS8I/+sw=="
    }
  }
}
